
Microsoft Visual Studio Solution File, Format Version 12.00
# Visual Studio Version 16
VisualStudioVersion = 16.0.30503.244
MinimumVisualStudioVersion = 10.0.40219.1
Project("{FAE04EC0-301F-11D3-BF4B-00C04F79EFBC}") = "WpfApp1", "WpfApp1\WpfApp1.csproj", "{633009A9-DB8C-47D4-9AAD-7B278821E9C3}"
EndProject
Global
	GlobalSection(SolutionConfigurationPlatforms) = preSolution
		Debug|Any CPU = Debug|Any CPU
		Release|Any CPU = Release|Any CPU
	EndGlobalSection
	GlobalSection(ProjectConfigurationPlatforms) = postSolution
		{633009A9-DB8C-47D4-9AAD-7B278821E9C3}.Debug|Any CPU.ActiveCfg = Debug|Any CPU
		{633009A9-DB8C-47D4-9AAD-7B278821E9C3}.Debug|Any CPU.Build.0 = Debug|Any CPU
		{633009A9-DB8C-47D4-9AAD-7B278821E9C3}.Release|Any CPU.ActiveCfg = Release|Any CPU
		{633009A9-DB8C-47D4-9AAD-7B278821E9C3}.Release|Any CPU.Build.0 = Release|Any CPU
	EndGlobalSection
	GlobalSection(SolutionProperties) = preSolution
		HideSolutionNode = FALSE
	EndGlobalSection
	GlobalSection(ExtensibilityGlobals) = postSolution
		SolutionGuid = {265D32E4-92C9-4B42-96D4-1569A3583193}
	EndGlobalSection
EndGlobal
