
Microsoft Visual Studio Solution File, Format Version 12.00
# Visual Studio Version 17
VisualStudioVersion = 17.2.32519.379
MinimumVisualStudioVersion = 10.0.40219.1
Project("{8BC9CEB8-8B4A-11D0-8D11-00A0C91BC942}") = "Priklady", "Priklady\Priklady.vcxproj", "{435567C8-9814-4A6A-958A-4C15AF77779F}"
EndProject
Global
	GlobalSection(SolutionConfigurationPlatforms) = preSolution
		Debug|x64 = Debug|x64
		Debug|x86 = Debug|x86
		Release|x64 = Release|x64
		Release|x86 = Release|x86
	EndGlobalSection
	GlobalSection(ProjectConfigurationPlatforms) = postSolution
		{435567C8-9814-4A6A-958A-4C15AF77779F}.Debug|x64.ActiveCfg = Debug|x64
		{435567C8-9814-4A6A-958A-4C15AF77779F}.Debug|x64.Build.0 = Debug|x64
		{435567C8-9814-4A6A-958A-4C15AF77779F}.Debug|x86.ActiveCfg = Debug|Win32
		{435567C8-9814-4A6A-958A-4C15AF77779F}.Debug|x86.Build.0 = Debug|Win32
		{435567C8-9814-4A6A-958A-4C15AF77779F}.Release|x64.ActiveCfg = Release|x64
		{435567C8-9814-4A6A-958A-4C15AF77779F}.Release|x64.Build.0 = Release|x64
		{435567C8-9814-4A6A-958A-4C15AF77779F}.Release|x86.ActiveCfg = Release|Win32
		{435567C8-9814-4A6A-958A-4C15AF77779F}.Release|x86.Build.0 = Release|Win32
	EndGlobalSection
	GlobalSection(SolutionProperties) = preSolution
		HideSolutionNode = FALSE
	EndGlobalSection
	GlobalSection(ExtensibilityGlobals) = postSolution
		SolutionGuid = {86E1D64D-1099-4369-ABC9-3B9DB7967ED2}
	EndGlobalSection
EndGlobal
