
Microsoft Visual Studio Solution File, Format Version 12.00
# Visual Studio 14
VisualStudioVersion = 14.0.25420.1
MinimumVisualStudioVersion = 10.0.40219.1
Project("{FAE04EC0-301F-11D3-BF4B-00C04F79EFBC}") = "01_PreprocessorDirectives", "01_PreprocessorDirectives\01_PreprocessorDirectives.csproj", "{EFA82068-FF5A-499C-9254-EE97DC0660DD}"
EndProject
Project("{FAE04EC0-301F-11D3-BF4B-00C04F79EFBC}") = "02_Atributes", "02_Atributes\02_Atributes.csproj", "{774B0FB9-86AA-457F-8F14-2B97F85203AC}"
EndProject
Global
	GlobalSection(SolutionConfigurationPlatforms) = preSolution
		Debug|Any CPU = Debug|Any CPU
		Release|Any CPU = Release|Any CPU
	EndGlobalSection
	GlobalSection(ProjectConfigurationPlatforms) = postSolution
		{EFA82068-FF5A-499C-9254-EE97DC0660DD}.Debug|Any CPU.ActiveCfg = Debug|Any CPU
		{EFA82068-FF5A-499C-9254-EE97DC0660DD}.Debug|Any CPU.Build.0 = Debug|Any CPU
		{EFA82068-FF5A-499C-9254-EE97DC0660DD}.Release|Any CPU.ActiveCfg = Release|Any CPU
		{EFA82068-FF5A-499C-9254-EE97DC0660DD}.Release|Any CPU.Build.0 = Release|Any CPU
		{774B0FB9-86AA-457F-8F14-2B97F85203AC}.Debug|Any CPU.ActiveCfg = Debug|Any CPU
		{774B0FB9-86AA-457F-8F14-2B97F85203AC}.Debug|Any CPU.Build.0 = Debug|Any CPU
		{774B0FB9-86AA-457F-8F14-2B97F85203AC}.Release|Any CPU.ActiveCfg = Release|Any CPU
		{774B0FB9-86AA-457F-8F14-2B97F85203AC}.Release|Any CPU.Build.0 = Release|Any CPU
	EndGlobalSection
	GlobalSection(SolutionProperties) = preSolution
		HideSolutionNode = FALSE
	EndGlobalSection
EndGlobal
